
Microsoft Visual Studio Solution File, Format Version 12.00
# Visual Studio 15
VisualStudioVersion = 15.0.27130.2027
MinimumVisualStudioVersion = 10.0.40219.1
Project("{E24C65DC-7377-472B-9ABA-BC803B73C61A}") = "For VS Course", "For VS Course", "{385B1AFB-71E8-4B81-806D-78A1FD93D791}"
	ProjectSection(WebsiteProperties) = preProject
		TargetFrameworkMoniker = ".NETFramework,Version%3Dv4.6.1"
		Debug.AspNetCompiler.VirtualPath = "/localhost_50490"
		Debug.AspNetCompiler.PhysicalPath = "For VS Course\"
		Debug.AspNetCompiler.TargetPath = "PrecompiledWeb\localhost_50490\"
		Debug.AspNetCompiler.Updateable = "true"
		Debug.AspNetCompiler.ForceOverwrite = "true"
		Debug.AspNetCompiler.FixedNames = "false"
		Debug.AspNetCompiler.Debug = "True"
		Release.AspNetCompiler.VirtualPath = "/localhost_50490"
		Release.AspNetCompiler.PhysicalPath = "For VS Course\"
		Release.AspNetCompiler.TargetPath = "PrecompiledWeb\localhost_50490\"
		Release.AspNetCompiler.Updateable = "true"
		Release.AspNetCompiler.ForceOverwrite = "true"
		Release.AspNetCompiler.FixedNames = "false"
		Release.AspNetCompiler.Debug = "False"
		VWDPort = "50490"
		SlnRelativePath = "For VS Course\"
		DefaultWebSiteLanguage = "Visual Basic"
	EndProjectSection
EndProject
Global
	GlobalSection(SolutionConfigurationPlatforms) = preSolution
		Debug|Any CPU = Debug|Any CPU
	EndGlobalSection
	GlobalSection(ProjectConfigurationPlatforms) = postSolution
		{385B1AFB-71E8-4B81-806D-78A1FD93D791}.Debug|Any CPU.ActiveCfg = Debug|Any CPU
		{385B1AFB-71E8-4B81-806D-78A1FD93D791}.Debug|Any CPU.Build.0 = Debug|Any CPU
	EndGlobalSection
	GlobalSection(SolutionProperties) = preSolution
		HideSolutionNode = FALSE
	EndGlobalSection
	GlobalSection(ExtensibilityGlobals) = postSolution
		SolutionGuid = {E4F2D694-98A5-4724-AA98-1D6A612444E8}
	EndGlobalSection
EndGlobal
